<?xml version="1.0" encoding="UTF-8" standalone="yes" ?>
<CodeBlocks_project_file>
	<FileVersion major="1" minor="6" />
	<Project>
		<Option title="StoreDcmScp" />
		<Option pch_mode="2" />
		<Option compiler="gcc" />
		<Build>
			<Target title="Debug">
				<Option output="bin/Debug/StoreDcmScp" prefix_auto="1" extension_auto="1" />
				<Option object_output="obj/Debug/" />
				<Option type="1" />
				<Option compiler="gcc" />
				<Compiler>
					<Add option="-g" />
				</Compiler>
			</Target>
			<Target title="Release">
				<Option output="bin/Release/StoreDcmScp" prefix_auto="1" extension_auto="1" />
				<Option object_output="obj/Release/" />
				<Option type="1" />
				<Option compiler="gcc" />
				<Compiler>
					<Add option="-O2" />
				</Compiler>
				<Linker>
					<Add option="-s" />
				</Linker>
			</Target>
		</Build>
		<Compiler>
			<Add option="-Wall" />
			<Add option="-std=c++11" />
			<Add option="-fexceptions" />
			<Add directory="../../include/dcm/win32/ofstd/include" />
			<Add directory="../../include/dcm/win32/config/include" />
			<Add directory="../../include/dcm/win32/oflog/include" />
			<Add directory="../../include/dcm/win32/dcmnet/include" />
			<Add directory="../../include/dcm/win32/dcmtls/include" />
			<Add directory="../../include/dcm/win32/dcmdata/include" />
			<Add directory="../../include/dcm/win32/dcmUnits" />
			<Add directory="../../include/dcm/win32/dcmqrdb/include" />
		</Compiler>
		<Linker>
			<Add library="../../lib/dcm/win32/libdcmUnits.a" />
			<Add library="../../../dcmtk/dcmtk-3.6.3-CB/lib/libdcmdata.a" />
			<Add library="../../../dcmtk/dcmtk-3.6.3-CB/lib/libdcmnet.a" />
			<Add library="../../../dcmtk/dcmtk-3.6.3-CB/lib/liboflog.a" />
			<Add library="../../../dcmtk/dcmtk-3.6.3-CB/lib/libdcmtls.a" />
			<Add library="../../../dcmtk/dcmtk-3.6.3-CB/lib/libofstd.a" />
			<Add library="../../../dcmtk/dcmtk-3.6.3-CB/lib/libdcmdata.a" />
			<Add library="../../../dcmtk/dcmtk-3.6.3-CB/lib/libdcmnet.a" />
			<Add library="../../../dcmtk/dcmtk-3.6.3-CB/lib/liboflog.a" />
			<Add library="pthread" />
			<Add library="icuuc" />
			<Add library="icudata" />
			<Add library="z" />
			<Add library="nsl" />
		</Linker>
		<Unit filename="main.cpp" />
		<Extensions>
			<code_completion />
			<envvars />
			<debugger />
		</Extensions>
	</Project>
</CodeBlocks_project_file>
