
Microsoft Visual Studio Solution File, Format Version 12.00
# Visual Studio 2013
VisualStudioVersion = 12.0.31101.0
MinimumVisualStudioVersion = 10.0.40219.1
Project("{8BC9CEB8-8B4A-11D0-8D11-00A0C91BC942}") = "ALL_BUILD", "ALL_BUILD.vcxproj", "{567AC652-4661-3258-8F55-8AFB36CE1A42}"
	ProjectSection(ProjectDependencies) = postProject
		{F7765902-4AD4-3E7A-9040-5AB96486732B} = {F7765902-4AD4-3E7A-9040-5AB96486732B}
		{9D0469C3-33BF-372E-B664-A1C7CF17C850} = {9D0469C3-33BF-372E-B664-A1C7CF17C850}
		{EDB0904E-B3C5-35D9-A9DA-A71B6C6156F0} = {EDB0904E-B3C5-35D9-A9DA-A71B6C6156F0}
		{AAFEC593-1623-3FBB-9BC1-D37FE196AED5} = {AAFEC593-1623-3FBB-9BC1-D37FE196AED5}
		{36252267-E93E-3052-96C9-EBAF8205D8CC} = {36252267-E93E-3052-96C9-EBAF8205D8CC}
		{B155E5D8-FD80-379A-AFA4-373C9D0F12FF} = {B155E5D8-FD80-379A-AFA4-373C9D0F12FF}
		{E771B3A9-30D7-39AF-BBC0-E7AD4285131B} = {E771B3A9-30D7-39AF-BBC0-E7AD4285131B}
		{4A87FE35-DA5E-30C5-B29A-B7EB4F7311D8} = {4A87FE35-DA5E-30C5-B29A-B7EB4F7311D8}
		{44D6F8AC-6C00-3B56-A20F-B424BF66D2FE} = {44D6F8AC-6C00-3B56-A20F-B424BF66D2FE}
		{B306FD29-E3BA-3E21-AFE9-532BF6237FF3} = {B306FD29-E3BA-3E21-AFE9-532BF6237FF3}
		{77E0CE09-1137-3722-BDAC-30888A8DA1AE} = {77E0CE09-1137-3722-BDAC-30888A8DA1AE}
	EndProjectSection
EndProject
Project("{8BC9CEB8-8B4A-11D0-8D11-00A0C91BC942}") = "INSTALL", "INSTALL.vcxproj", "{B31D02A6-0E2D-3EE5-9F5A-F351DAEEDC1B}"
	ProjectSection(ProjectDependencies) = postProject
		{567AC652-4661-3258-8F55-8AFB36CE1A42} = {567AC652-4661-3258-8F55-8AFB36CE1A42}
		{F7765902-4AD4-3E7A-9040-5AB96486732B} = {F7765902-4AD4-3E7A-9040-5AB96486732B}
	EndProjectSection
EndProject
Project("{8BC9CEB8-8B4A-11D0-8D11-00A0C91BC942}") = "PACKAGE", "PACKAGE.vcxproj", "{A17618BA-16AD-31FB-BD7F-CFB56577A52D}"
	ProjectSection(ProjectDependencies) = postProject
		{567AC652-4661-3258-8F55-8AFB36CE1A42} = {567AC652-4661-3258-8F55-8AFB36CE1A42}
		{F7765902-4AD4-3E7A-9040-5AB96486732B} = {F7765902-4AD4-3E7A-9040-5AB96486732B}
	EndProjectSection
EndProject
Project("{8BC9CEB8-8B4A-11D0-8D11-00A0C91BC942}") = "ZERO_CHECK", "ZERO_CHECK.vcxproj", "{F7765902-4AD4-3E7A-9040-5AB96486732B}"
EndProject
Project("{8BC9CEB8-8B4A-11D0-8D11-00A0C91BC942}") = "auth_gssapi_client", "auth_gssapi_client.vcxproj", "{9D0469C3-33BF-372E-B664-A1C7CF17C850}"
	ProjectSection(ProjectDependencies) = postProject
		{F7765902-4AD4-3E7A-9040-5AB96486732B} = {F7765902-4AD4-3E7A-9040-5AB96486732B}
	EndProjectSection
EndProject
Project("{8BC9CEB8-8B4A-11D0-8D11-00A0C91BC942}") = "caching_sha2_password", "caching_sha2_password.vcxproj", "{EDB0904E-B3C5-35D9-A9DA-A71B6C6156F0}"
	ProjectSection(ProjectDependencies) = postProject
		{F7765902-4AD4-3E7A-9040-5AB96486732B} = {F7765902-4AD4-3E7A-9040-5AB96486732B}
	EndProjectSection
EndProject
Project("{8BC9CEB8-8B4A-11D0-8D11-00A0C91BC942}") = "client_ed25519", "client_ed25519.vcxproj", "{AAFEC593-1623-3FBB-9BC1-D37FE196AED5}"
	ProjectSection(ProjectDependencies) = postProject
		{F7765902-4AD4-3E7A-9040-5AB96486732B} = {F7765902-4AD4-3E7A-9040-5AB96486732B}
	EndProjectSection
EndProject
Project("{8BC9CEB8-8B4A-11D0-8D11-00A0C91BC942}") = "dialog", "dialog.vcxproj", "{36252267-E93E-3052-96C9-EBAF8205D8CC}"
	ProjectSection(ProjectDependencies) = postProject
		{F7765902-4AD4-3E7A-9040-5AB96486732B} = {F7765902-4AD4-3E7A-9040-5AB96486732B}
	EndProjectSection
EndProject
Project("{8BC9CEB8-8B4A-11D0-8D11-00A0C91BC942}") = "libmariadb", "libmariadb\libmariadb.vcxproj", "{B155E5D8-FD80-379A-AFA4-373C9D0F12FF}"
	ProjectSection(ProjectDependencies) = postProject
		{F7765902-4AD4-3E7A-9040-5AB96486732B} = {F7765902-4AD4-3E7A-9040-5AB96486732B}
		{E771B3A9-30D7-39AF-BBC0-E7AD4285131B} = {E771B3A9-30D7-39AF-BBC0-E7AD4285131B}
	EndProjectSection
EndProject
Project("{8BC9CEB8-8B4A-11D0-8D11-00A0C91BC942}") = "mariadbclient", "libmariadb\mariadbclient.vcxproj", "{E771B3A9-30D7-39AF-BBC0-E7AD4285131B}"
	ProjectSection(ProjectDependencies) = postProject
		{F7765902-4AD4-3E7A-9040-5AB96486732B} = {F7765902-4AD4-3E7A-9040-5AB96486732B}
	EndProjectSection
EndProject
Project("{8BC9CEB8-8B4A-11D0-8D11-00A0C91BC942}") = "mysql_clear_password", "mysql_clear_password.vcxproj", "{4A87FE35-DA5E-30C5-B29A-B7EB4F7311D8}"
	ProjectSection(ProjectDependencies) = postProject
		{F7765902-4AD4-3E7A-9040-5AB96486732B} = {F7765902-4AD4-3E7A-9040-5AB96486732B}
	EndProjectSection
EndProject
Project("{8BC9CEB8-8B4A-11D0-8D11-00A0C91BC942}") = "pvio_npipe", "pvio_npipe.vcxproj", "{44D6F8AC-6C00-3B56-A20F-B424BF66D2FE}"
	ProjectSection(ProjectDependencies) = postProject
		{F7765902-4AD4-3E7A-9040-5AB96486732B} = {F7765902-4AD4-3E7A-9040-5AB96486732B}
	EndProjectSection
EndProject
Project("{8BC9CEB8-8B4A-11D0-8D11-00A0C91BC942}") = "pvio_shmem", "pvio_shmem.vcxproj", "{B306FD29-E3BA-3E21-AFE9-532BF6237FF3}"
	ProjectSection(ProjectDependencies) = postProject
		{F7765902-4AD4-3E7A-9040-5AB96486732B} = {F7765902-4AD4-3E7A-9040-5AB96486732B}
	EndProjectSection
EndProject
Project("{8BC9CEB8-8B4A-11D0-8D11-00A0C91BC942}") = "sha256_password", "sha256_password.vcxproj", "{77E0CE09-1137-3722-BDAC-30888A8DA1AE}"
	ProjectSection(ProjectDependencies) = postProject
		{F7765902-4AD4-3E7A-9040-5AB96486732B} = {F7765902-4AD4-3E7A-9040-5AB96486732B}
	EndProjectSection
EndProject
Project("{8BC9CEB8-8B4A-11D0-8D11-00A0C91BC942}") = "TestMariaDbApp", "..\..\TestMariaDbApp\TestMariaDbApp.vcxproj", "{8B3D8EBA-4FAA-44E2-A8CB-A4FA0DB0C87F}"
EndProject
Global
	GlobalSection(SolutionConfigurationPlatforms) = preSolution
		Debug|Win32 = Debug|Win32
		Debug|x64 = Debug|x64
		MinSizeRel|Win32 = MinSizeRel|Win32
		MinSizeRel|x64 = MinSizeRel|x64
		Release|Win32 = Release|Win32
		Release|x64 = Release|x64
		RelWithDebInfo|Win32 = RelWithDebInfo|Win32
		RelWithDebInfo|x64 = RelWithDebInfo|x64
	EndGlobalSection
	GlobalSection(ProjectConfigurationPlatforms) = postSolution
		{567AC652-4661-3258-8F55-8AFB36CE1A42}.Debug|Win32.ActiveCfg = Debug|Win32
		{567AC652-4661-3258-8F55-8AFB36CE1A42}.Debug|Win32.Build.0 = Debug|Win32
		{567AC652-4661-3258-8F55-8AFB36CE1A42}.Debug|x64.ActiveCfg = Debug|Win32
		{567AC652-4661-3258-8F55-8AFB36CE1A42}.MinSizeRel|Win32.ActiveCfg = MinSizeRel|Win32
		{567AC652-4661-3258-8F55-8AFB36CE1A42}.MinSizeRel|Win32.Build.0 = MinSizeRel|Win32
		{567AC652-4661-3258-8F55-8AFB36CE1A42}.MinSizeRel|x64.ActiveCfg = MinSizeRel|Win32
		{567AC652-4661-3258-8F55-8AFB36CE1A42}.Release|Win32.ActiveCfg = Release|Win32
		{567AC652-4661-3258-8F55-8AFB36CE1A42}.Release|Win32.Build.0 = Release|Win32
		{567AC652-4661-3258-8F55-8AFB36CE1A42}.Release|x64.ActiveCfg = Release|Win32
		{567AC652-4661-3258-8F55-8AFB36CE1A42}.RelWithDebInfo|Win32.ActiveCfg = RelWithDebInfo|Win32
		{567AC652-4661-3258-8F55-8AFB36CE1A42}.RelWithDebInfo|Win32.Build.0 = RelWithDebInfo|Win32
		{567AC652-4661-3258-8F55-8AFB36CE1A42}.RelWithDebInfo|x64.ActiveCfg = RelWithDebInfo|Win32
		{B31D02A6-0E2D-3EE5-9F5A-F351DAEEDC1B}.Debug|Win32.ActiveCfg = Debug|Win32
		{B31D02A6-0E2D-3EE5-9F5A-F351DAEEDC1B}.Debug|x64.ActiveCfg = Debug|Win32
		{B31D02A6-0E2D-3EE5-9F5A-F351DAEEDC1B}.MinSizeRel|Win32.ActiveCfg = MinSizeRel|Win32
		{B31D02A6-0E2D-3EE5-9F5A-F351DAEEDC1B}.MinSizeRel|x64.ActiveCfg = MinSizeRel|Win32
		{B31D02A6-0E2D-3EE5-9F5A-F351DAEEDC1B}.Release|Win32.ActiveCfg = Release|Win32
		{B31D02A6-0E2D-3EE5-9F5A-F351DAEEDC1B}.Release|x64.ActiveCfg = Release|Win32
		{B31D02A6-0E2D-3EE5-9F5A-F351DAEEDC1B}.RelWithDebInfo|Win32.ActiveCfg = RelWithDebInfo|Win32
		{B31D02A6-0E2D-3EE5-9F5A-F351DAEEDC1B}.RelWithDebInfo|x64.ActiveCfg = RelWithDebInfo|Win32
		{A17618BA-16AD-31FB-BD7F-CFB56577A52D}.Debug|Win32.ActiveCfg = Debug|Win32
		{A17618BA-16AD-31FB-BD7F-CFB56577A52D}.Debug|x64.ActiveCfg = Debug|Win32
		{A17618BA-16AD-31FB-BD7F-CFB56577A52D}.MinSizeRel|Win32.ActiveCfg = MinSizeRel|Win32
		{A17618BA-16AD-31FB-BD7F-CFB56577A52D}.MinSizeRel|x64.ActiveCfg = MinSizeRel|Win32
		{A17618BA-16AD-31FB-BD7F-CFB56577A52D}.Release|Win32.ActiveCfg = Release|Win32
		{A17618BA-16AD-31FB-BD7F-CFB56577A52D}.Release|x64.ActiveCfg = Release|Win32
		{A17618BA-16AD-31FB-BD7F-CFB56577A52D}.RelWithDebInfo|Win32.ActiveCfg = RelWithDebInfo|Win32
		{A17618BA-16AD-31FB-BD7F-CFB56577A52D}.RelWithDebInfo|x64.ActiveCfg = RelWithDebInfo|Win32
		{F7765902-4AD4-3E7A-9040-5AB96486732B}.Debug|Win32.ActiveCfg = Debug|Win32
		{F7765902-4AD4-3E7A-9040-5AB96486732B}.Debug|Win32.Build.0 = Debug|Win32
		{F7765902-4AD4-3E7A-9040-5AB96486732B}.Debug|x64.ActiveCfg = Debug|Win32
		{F7765902-4AD4-3E7A-9040-5AB96486732B}.MinSizeRel|Win32.ActiveCfg = MinSizeRel|Win32
		{F7765902-4AD4-3E7A-9040-5AB96486732B}.MinSizeRel|Win32.Build.0 = MinSizeRel|Win32
		{F7765902-4AD4-3E7A-9040-5AB96486732B}.MinSizeRel|x64.ActiveCfg = MinSizeRel|Win32
		{F7765902-4AD4-3E7A-9040-5AB96486732B}.Release|Win32.ActiveCfg = Release|Win32
		{F7765902-4AD4-3E7A-9040-5AB96486732B}.Release|Win32.Build.0 = Release|Win32
		{F7765902-4AD4-3E7A-9040-5AB96486732B}.Release|x64.ActiveCfg = Release|Win32
		{F7765902-4AD4-3E7A-9040-5AB96486732B}.RelWithDebInfo|Win32.ActiveCfg = RelWithDebInfo|Win32
		{F7765902-4AD4-3E7A-9040-5AB96486732B}.RelWithDebInfo|Win32.Build.0 = RelWithDebInfo|Win32
		{F7765902-4AD4-3E7A-9040-5AB96486732B}.RelWithDebInfo|x64.ActiveCfg = RelWithDebInfo|Win32
		{9D0469C3-33BF-372E-B664-A1C7CF17C850}.Debug|Win32.ActiveCfg = Debug|Win32
		{9D0469C3-33BF-372E-B664-A1C7CF17C850}.Debug|Win32.Build.0 = Debug|Win32
		{9D0469C3-33BF-372E-B664-A1C7CF17C850}.Debug|x64.ActiveCfg = Debug|Win32
		{9D0469C3-33BF-372E-B664-A1C7CF17C850}.MinSizeRel|Win32.ActiveCfg = MinSizeRel|Win32
		{9D0469C3-33BF-372E-B664-A1C7CF17C850}.MinSizeRel|Win32.Build.0 = MinSizeRel|Win32
		{9D0469C3-33BF-372E-B664-A1C7CF17C850}.MinSizeRel|x64.ActiveCfg = MinSizeRel|Win32
		{9D0469C3-33BF-372E-B664-A1C7CF17C850}.Release|Win32.ActiveCfg = Release|Win32
		{9D0469C3-33BF-372E-B664-A1C7CF17C850}.Release|Win32.Build.0 = Release|Win32
		{9D0469C3-33BF-372E-B664-A1C7CF17C850}.Release|x64.ActiveCfg = Release|Win32
		{9D0469C3-33BF-372E-B664-A1C7CF17C850}.RelWithDebInfo|Win32.ActiveCfg = RelWithDebInfo|Win32
		{9D0469C3-33BF-372E-B664-A1C7CF17C850}.RelWithDebInfo|Win32.Build.0 = RelWithDebInfo|Win32
		{9D0469C3-33BF-372E-B664-A1C7CF17C850}.RelWithDebInfo|x64.ActiveCfg = RelWithDebInfo|Win32
		{EDB0904E-B3C5-35D9-A9DA-A71B6C6156F0}.Debug|Win32.ActiveCfg = Debug|Win32
		{EDB0904E-B3C5-35D9-A9DA-A71B6C6156F0}.Debug|Win32.Build.0 = Debug|Win32
		{EDB0904E-B3C5-35D9-A9DA-A71B6C6156F0}.Debug|x64.ActiveCfg = Debug|Win32
		{EDB0904E-B3C5-35D9-A9DA-A71B6C6156F0}.MinSizeRel|Win32.ActiveCfg = MinSizeRel|Win32
		{EDB0904E-B3C5-35D9-A9DA-A71B6C6156F0}.MinSizeRel|Win32.Build.0 = MinSizeRel|Win32
		{EDB0904E-B3C5-35D9-A9DA-A71B6C6156F0}.MinSizeRel|x64.ActiveCfg = MinSizeRel|Win32
		{EDB0904E-B3C5-35D9-A9DA-A71B6C6156F0}.Release|Win32.ActiveCfg = Release|Win32
		{EDB0904E-B3C5-35D9-A9DA-A71B6C6156F0}.Release|Win32.Build.0 = Release|Win32
		{EDB0904E-B3C5-35D9-A9DA-A71B6C6156F0}.Release|x64.ActiveCfg = Release|Win32
		{EDB0904E-B3C5-35D9-A9DA-A71B6C6156F0}.RelWithDebInfo|Win32.ActiveCfg = RelWithDebInfo|Win32
		{EDB0904E-B3C5-35D9-A9DA-A71B6C6156F0}.RelWithDebInfo|Win32.Build.0 = RelWithDebInfo|Win32
		{EDB0904E-B3C5-35D9-A9DA-A71B6C6156F0}.RelWithDebInfo|x64.ActiveCfg = RelWithDebInfo|Win32
		{AAFEC593-1623-3FBB-9BC1-D37FE196AED5}.Debug|Win32.ActiveCfg = Debug|Win32
		{AAFEC593-1623-3FBB-9BC1-D37FE196AED5}.Debug|Win32.Build.0 = Debug|Win32
		{AAFEC593-1623-3FBB-9BC1-D37FE196AED5}.Debug|x64.ActiveCfg = Debug|Win32
		{AAFEC593-1623-3FBB-9BC1-D37FE196AED5}.MinSizeRel|Win32.ActiveCfg = MinSizeRel|Win32
		{AAFEC593-1623-3FBB-9BC1-D37FE196AED5}.MinSizeRel|Win32.Build.0 = MinSizeRel|Win32
		{AAFEC593-1623-3FBB-9BC1-D37FE196AED5}.MinSizeRel|x64.ActiveCfg = MinSizeRel|Win32
		{AAFEC593-1623-3FBB-9BC1-D37FE196AED5}.Release|Win32.ActiveCfg = Release|Win32
		{AAFEC593-1623-3FBB-9BC1-D37FE196AED5}.Release|Win32.Build.0 = Release|Win32
		{AAFEC593-1623-3FBB-9BC1-D37FE196AED5}.Release|x64.ActiveCfg = Release|Win32
		{AAFEC593-1623-3FBB-9BC1-D37FE196AED5}.RelWithDebInfo|Win32.ActiveCfg = RelWithDebInfo|Win32
		{AAFEC593-1623-3FBB-9BC1-D37FE196AED5}.RelWithDebInfo|Win32.Build.0 = RelWithDebInfo|Win32
		{AAFEC593-1623-3FBB-9BC1-D37FE196AED5}.RelWithDebInfo|x64.ActiveCfg = RelWithDebInfo|Win32
		{36252267-E93E-3052-96C9-EBAF8205D8CC}.Debug|Win32.ActiveCfg = Debug|Win32
		{36252267-E93E-3052-96C9-EBAF8205D8CC}.Debug|Win32.Build.0 = Debug|Win32
		{36252267-E93E-3052-96C9-EBAF8205D8CC}.Debug|x64.ActiveCfg = Debug|Win32
		{36252267-E93E-3052-96C9-EBAF8205D8CC}.MinSizeRel|Win32.ActiveCfg = MinSizeRel|Win32
		{36252267-E93E-3052-96C9-EBAF8205D8CC}.MinSizeRel|Win32.Build.0 = MinSizeRel|Win32
		{36252267-E93E-3052-96C9-EBAF8205D8CC}.MinSizeRel|x64.ActiveCfg = MinSizeRel|Win32
		{36252267-E93E-3052-96C9-EBAF8205D8CC}.Release|Win32.ActiveCfg = Release|Win32
		{36252267-E93E-3052-96C9-EBAF8205D8CC}.Release|Win32.Build.0 = Release|Win32
		{36252267-E93E-3052-96C9-EBAF8205D8CC}.Release|x64.ActiveCfg = Release|Win32
		{36252267-E93E-3052-96C9-EBAF8205D8CC}.RelWithDebInfo|Win32.ActiveCfg = RelWithDebInfo|Win32
		{36252267-E93E-3052-96C9-EBAF8205D8CC}.RelWithDebInfo|Win32.Build.0 = RelWithDebInfo|Win32
		{36252267-E93E-3052-96C9-EBAF8205D8CC}.RelWithDebInfo|x64.ActiveCfg = RelWithDebInfo|Win32
		{B155E5D8-FD80-379A-AFA4-373C9D0F12FF}.Debug|Win32.ActiveCfg = Debug|Win32
		{B155E5D8-FD80-379A-AFA4-373C9D0F12FF}.Debug|Win32.Build.0 = Debug|Win32
		{B155E5D8-FD80-379A-AFA4-373C9D0F12FF}.Debug|x64.ActiveCfg = Debug|Win32
		{B155E5D8-FD80-379A-AFA4-373C9D0F12FF}.MinSizeRel|Win32.ActiveCfg = MinSizeRel|Win32
		{B155E5D8-FD80-379A-AFA4-373C9D0F12FF}.MinSizeRel|Win32.Build.0 = MinSizeRel|Win32
		{B155E5D8-FD80-379A-AFA4-373C9D0F12FF}.MinSizeRel|x64.ActiveCfg = MinSizeRel|Win32
		{B155E5D8-FD80-379A-AFA4-373C9D0F12FF}.Release|Win32.ActiveCfg = Release|Win32
		{B155E5D8-FD80-379A-AFA4-373C9D0F12FF}.Release|Win32.Build.0 = Release|Win32
		{B155E5D8-FD80-379A-AFA4-373C9D0F12FF}.Release|x64.ActiveCfg = Release|Win32
		{B155E5D8-FD80-379A-AFA4-373C9D0F12FF}.RelWithDebInfo|Win32.ActiveCfg = RelWithDebInfo|Win32
		{B155E5D8-FD80-379A-AFA4-373C9D0F12FF}.RelWithDebInfo|Win32.Build.0 = RelWithDebInfo|Win32
		{B155E5D8-FD80-379A-AFA4-373C9D0F12FF}.RelWithDebInfo|x64.ActiveCfg = RelWithDebInfo|Win32
		{E771B3A9-30D7-39AF-BBC0-E7AD4285131B}.Debug|Win32.ActiveCfg = Debug|Win32
		{E771B3A9-30D7-39AF-BBC0-E7AD4285131B}.Debug|Win32.Build.0 = Debug|Win32
		{E771B3A9-30D7-39AF-BBC0-E7AD4285131B}.Debug|x64.ActiveCfg = Debug|Win32
		{E771B3A9-30D7-39AF-BBC0-E7AD4285131B}.MinSizeRel|Win32.ActiveCfg = MinSizeRel|Win32
		{E771B3A9-30D7-39AF-BBC0-E7AD4285131B}.MinSizeRel|Win32.Build.0 = MinSizeRel|Win32
		{E771B3A9-30D7-39AF-BBC0-E7AD4285131B}.MinSizeRel|x64.ActiveCfg = MinSizeRel|Win32
		{E771B3A9-30D7-39AF-BBC0-E7AD4285131B}.Release|Win32.ActiveCfg = Release|Win32
		{E771B3A9-30D7-39AF-BBC0-E7AD4285131B}.Release|Win32.Build.0 = Release|Win32
		{E771B3A9-30D7-39AF-BBC0-E7AD4285131B}.Release|x64.ActiveCfg = Release|Win32
		{E771B3A9-30D7-39AF-BBC0-E7AD4285131B}.RelWithDebInfo|Win32.ActiveCfg = RelWithDebInfo|Win32
		{E771B3A9-30D7-39AF-BBC0-E7AD4285131B}.RelWithDebInfo|Win32.Build.0 = RelWithDebInfo|Win32
		{E771B3A9-30D7-39AF-BBC0-E7AD4285131B}.RelWithDebInfo|x64.ActiveCfg = RelWithDebInfo|Win32
		{4A87FE35-DA5E-30C5-B29A-B7EB4F7311D8}.Debug|Win32.ActiveCfg = Debug|Win32
		{4A87FE35-DA5E-30C5-B29A-B7EB4F7311D8}.Debug|Win32.Build.0 = Debug|Win32
		{4A87FE35-DA5E-30C5-B29A-B7EB4F7311D8}.Debug|x64.ActiveCfg = Debug|Win32
		{4A87FE35-DA5E-30C5-B29A-B7EB4F7311D8}.MinSizeRel|Win32.ActiveCfg = MinSizeRel|Win32
		{4A87FE35-DA5E-30C5-B29A-B7EB4F7311D8}.MinSizeRel|Win32.Build.0 = MinSizeRel|Win32
		{4A87FE35-DA5E-30C5-B29A-B7EB4F7311D8}.MinSizeRel|x64.ActiveCfg = MinSizeRel|Win32
		{4A87FE35-DA5E-30C5-B29A-B7EB4F7311D8}.Release|Win32.ActiveCfg = Release|Win32
		{4A87FE35-DA5E-30C5-B29A-B7EB4F7311D8}.Release|Win32.Build.0 = Release|Win32
		{4A87FE35-DA5E-30C5-B29A-B7EB4F7311D8}.Release|x64.ActiveCfg = Release|Win32
		{4A87FE35-DA5E-30C5-B29A-B7EB4F7311D8}.RelWithDebInfo|Win32.ActiveCfg = RelWithDebInfo|Win32
		{4A87FE35-DA5E-30C5-B29A-B7EB4F7311D8}.RelWithDebInfo|Win32.Build.0 = RelWithDebInfo|Win32
		{4A87FE35-DA5E-30C5-B29A-B7EB4F7311D8}.RelWithDebInfo|x64.ActiveCfg = RelWithDebInfo|Win32
		{44D6F8AC-6C00-3B56-A20F-B424BF66D2FE}.Debug|Win32.ActiveCfg = Debug|Win32
		{44D6F8AC-6C00-3B56-A20F-B424BF66D2FE}.Debug|Win32.Build.0 = Debug|Win32
		{44D6F8AC-6C00-3B56-A20F-B424BF66D2FE}.Debug|x64.ActiveCfg = Debug|Win32
		{44D6F8AC-6C00-3B56-A20F-B424BF66D2FE}.MinSizeRel|Win32.ActiveCfg = MinSizeRel|Win32
		{44D6F8AC-6C00-3B56-A20F-B424BF66D2FE}.MinSizeRel|Win32.Build.0 = MinSizeRel|Win32
		{44D6F8AC-6C00-3B56-A20F-B424BF66D2FE}.MinSizeRel|x64.ActiveCfg = MinSizeRel|Win32
		{44D6F8AC-6C00-3B56-A20F-B424BF66D2FE}.Release|Win32.ActiveCfg = Release|Win32
		{44D6F8AC-6C00-3B56-A20F-B424BF66D2FE}.Release|Win32.Build.0 = Release|Win32
		{44D6F8AC-6C00-3B56-A20F-B424BF66D2FE}.Release|x64.ActiveCfg = Release|Win32
		{44D6F8AC-6C00-3B56-A20F-B424BF66D2FE}.RelWithDebInfo|Win32.ActiveCfg = RelWithDebInfo|Win32
		{44D6F8AC-6C00-3B56-A20F-B424BF66D2FE}.RelWithDebInfo|Win32.Build.0 = RelWithDebInfo|Win32
		{44D6F8AC-6C00-3B56-A20F-B424BF66D2FE}.RelWithDebInfo|x64.ActiveCfg = RelWithDebInfo|Win32
		{B306FD29-E3BA-3E21-AFE9-532BF6237FF3}.Debug|Win32.ActiveCfg = Debug|Win32
		{B306FD29-E3BA-3E21-AFE9-532BF6237FF3}.Debug|Win32.Build.0 = Debug|Win32
		{B306FD29-E3BA-3E21-AFE9-532BF6237FF3}.Debug|x64.ActiveCfg = Debug|Win32
		{B306FD29-E3BA-3E21-AFE9-532BF6237FF3}.MinSizeRel|Win32.ActiveCfg = MinSizeRel|Win32
		{B306FD29-E3BA-3E21-AFE9-532BF6237FF3}.MinSizeRel|Win32.Build.0 = MinSizeRel|Win32
		{B306FD29-E3BA-3E21-AFE9-532BF6237FF3}.MinSizeRel|x64.ActiveCfg = MinSizeRel|Win32
		{B306FD29-E3BA-3E21-AFE9-532BF6237FF3}.Release|Win32.ActiveCfg = Release|Win32
		{B306FD29-E3BA-3E21-AFE9-532BF6237FF3}.Release|Win32.Build.0 = Release|Win32
		{B306FD29-E3BA-3E21-AFE9-532BF6237FF3}.Release|x64.ActiveCfg = Release|Win32
		{B306FD29-E3BA-3E21-AFE9-532BF6237FF3}.RelWithDebInfo|Win32.ActiveCfg = RelWithDebInfo|Win32
		{B306FD29-E3BA-3E21-AFE9-532BF6237FF3}.RelWithDebInfo|Win32.Build.0 = RelWithDebInfo|Win32
		{B306FD29-E3BA-3E21-AFE9-532BF6237FF3}.RelWithDebInfo|x64.ActiveCfg = RelWithDebInfo|Win32
		{77E0CE09-1137-3722-BDAC-30888A8DA1AE}.Debug|Win32.ActiveCfg = Debug|Win32
		{77E0CE09-1137-3722-BDAC-30888A8DA1AE}.Debug|Win32.Build.0 = Debug|Win32
		{77E0CE09-1137-3722-BDAC-30888A8DA1AE}.Debug|x64.ActiveCfg = Debug|Win32
		{77E0CE09-1137-3722-BDAC-30888A8DA1AE}.MinSizeRel|Win32.ActiveCfg = MinSizeRel|Win32
		{77E0CE09-1137-3722-BDAC-30888A8DA1AE}.MinSizeRel|Win32.Build.0 = MinSizeRel|Win32
		{77E0CE09-1137-3722-BDAC-30888A8DA1AE}.MinSizeRel|x64.ActiveCfg = MinSizeRel|Win32
		{77E0CE09-1137-3722-BDAC-30888A8DA1AE}.Release|Win32.ActiveCfg = Release|Win32
		{77E0CE09-1137-3722-BDAC-30888A8DA1AE}.Release|Win32.Build.0 = Release|Win32
		{77E0CE09-1137-3722-BDAC-30888A8DA1AE}.Release|x64.ActiveCfg = Release|Win32
		{77E0CE09-1137-3722-BDAC-30888A8DA1AE}.RelWithDebInfo|Win32.ActiveCfg = RelWithDebInfo|Win32
		{77E0CE09-1137-3722-BDAC-30888A8DA1AE}.RelWithDebInfo|Win32.Build.0 = RelWithDebInfo|Win32
		{77E0CE09-1137-3722-BDAC-30888A8DA1AE}.RelWithDebInfo|x64.ActiveCfg = RelWithDebInfo|Win32
		{8B3D8EBA-4FAA-44E2-A8CB-A4FA0DB0C87F}.Debug|Win32.ActiveCfg = Debug|Win32
		{8B3D8EBA-4FAA-44E2-A8CB-A4FA0DB0C87F}.Debug|Win32.Build.0 = Debug|Win32
		{8B3D8EBA-4FAA-44E2-A8CB-A4FA0DB0C87F}.Debug|x64.ActiveCfg = Debug|x64
		{8B3D8EBA-4FAA-44E2-A8CB-A4FA0DB0C87F}.Debug|x64.Build.0 = Debug|x64
		{8B3D8EBA-4FAA-44E2-A8CB-A4FA0DB0C87F}.MinSizeRel|Win32.ActiveCfg = Release|Win32
		{8B3D8EBA-4FAA-44E2-A8CB-A4FA0DB0C87F}.MinSizeRel|Win32.Build.0 = Release|Win32
		{8B3D8EBA-4FAA-44E2-A8CB-A4FA0DB0C87F}.MinSizeRel|x64.ActiveCfg = Release|x64
		{8B3D8EBA-4FAA-44E2-A8CB-A4FA0DB0C87F}.MinSizeRel|x64.Build.0 = Release|x64
		{8B3D8EBA-4FAA-44E2-A8CB-A4FA0DB0C87F}.Release|Win32.ActiveCfg = Release|Win32
		{8B3D8EBA-4FAA-44E2-A8CB-A4FA0DB0C87F}.Release|Win32.Build.0 = Release|Win32
		{8B3D8EBA-4FAA-44E2-A8CB-A4FA0DB0C87F}.Release|x64.ActiveCfg = Release|x64
		{8B3D8EBA-4FAA-44E2-A8CB-A4FA0DB0C87F}.Release|x64.Build.0 = Release|x64
		{8B3D8EBA-4FAA-44E2-A8CB-A4FA0DB0C87F}.RelWithDebInfo|Win32.ActiveCfg = Release|Win32
		{8B3D8EBA-4FAA-44E2-A8CB-A4FA0DB0C87F}.RelWithDebInfo|Win32.Build.0 = Release|Win32
		{8B3D8EBA-4FAA-44E2-A8CB-A4FA0DB0C87F}.RelWithDebInfo|x64.ActiveCfg = Release|x64
		{8B3D8EBA-4FAA-44E2-A8CB-A4FA0DB0C87F}.RelWithDebInfo|x64.Build.0 = Release|x64
	EndGlobalSection
	GlobalSection(SolutionProperties) = preSolution
		HideSolutionNode = FALSE
	EndGlobalSection
	GlobalSection(ExtensibilityGlobals) = postSolution
		SolutionGuid = {171AF501-FF80-3B9F-A5C0-D7318F19E323}
	EndGlobalSection
EndGlobal
