Microsoft Visual Studio Solution File, Format Version 12.00
# Visual Studio 2013
VisualStudioVersion = 12.0.40629.0
MinimumVisualStudioVersion = 10.0.40219.1
Project("{8BC9CEB8-8B4A-11D0-8D11-00A0C91BC942}") = "QtSolutions_SingleApplication-head", "src\thirdparty\qtsingleapplication\buildlib\QtSolutions_SingleApplication-head.vcxproj", "{A15DB62E-7608-3E01-8880-152D02F11E8E}"
EndProject
Project("{8BC9CEB8-8B4A-11D0-8D11-00A0C91BC942}") = "breakpad", "src\thirdparty\breakpad\breakpad.vcxproj", "{157B5239-E5DA-3947-9EBA-3BE33D131D55}"
EndProject
Project("{8BC9CEB8-8B4A-11D0-8D11-00A0C91BC942}") = "core", "src\core\core.vcxproj", "{C16A17CC-9739-3C8C-BFC0-5D593B33939B}"
EndProject
Project("{8BC9CEB8-8B4A-11D0-8D11-00A0C91BC942}") = "inputoutput", "src\inputoutput\inputoutput.vcxproj", "{1BAF9CFF-E91D-3BB3-8163-199A2EE6C553}"
	ProjectSection(ProjectDependencies) = postProject
		{C16A17CC-9739-3C8C-BFC0-5D593B33939B} = {C16A17CC-9739-3C8C-BFC0-5D593B33939B}
	EndProjectSection
EndProject
Project("{8BC9CEB8-8B4A-11D0-8D11-00A0C91BC942}") = "interface", "src\interface\interface.vcxproj", "{9F2AAC3A-4A28-3B88-BFDB-72E5CF9B2ECC}"
	ProjectSection(ProjectDependencies) = postProject
		{C16A17CC-9739-3C8C-BFC0-5D593B33939B} = {C16A17CC-9739-3C8C-BFC0-5D593B33939B}
		{1BAF9CFF-E91D-3BB3-8163-199A2EE6C553} = {1BAF9CFF-E91D-3BB3-8163-199A2EE6C553}
	EndProjectSection
EndProject
Project("{8BC9CEB8-8B4A-11D0-8D11-00A0C91BC942}") = "mpr", "src\extensions\main\mpr\mpr.vcxproj", "{AC025BE7-B10D-37B6-9141-FD63EF707863}"
EndProject
Project("{8BC9CEB8-8B4A-11D0-8D11-00A0C91BC942}") = "dicomprint", "src\extensions\main\dicomprint\dicomprint.vcxproj", "{EBAA2BF2-F82D-33D9-A4EF-21A0AB539DF3}"
EndProject
Project("{8BC9CEB8-8B4A-11D0-8D11-00A0C91BC942}") = "q2dviewer", "src\extensions\main\q2dviewer\q2dviewer.vcxproj", "{E5B49F3F-C61B-31A0-BF8B-9A3F4974017D}"
EndProject
Project("{8BC9CEB8-8B4A-11D0-8D11-00A0C91BC942}") = "q3dviewer", "src\extensions\main\q3dviewer\q3dviewer.vcxproj", "{86FA56C7-608C-3F40-8D08-E54D7E0139AD}"
EndProject
Project("{8BC9CEB8-8B4A-11D0-8D11-00A0C91BC942}") = "diffusionperfusionsegmentation", "src\extensions\playground\diffusionperfusionsegmentation\diffusionperfusionsegmentation.vcxproj", "{8D316D30-51EA-345F-87FB-2264C5303B0B}"
EndProject
Project("{8BC9CEB8-8B4A-11D0-8D11-00A0C91BC942}") = "edemasegmentation", "src\extensions\playground\edemasegmentation\edemasegmentation.vcxproj", "{E6F568FE-C4C1-3178-A32E-CA11D94EC684}"
EndProject
Project("{8BC9CEB8-8B4A-11D0-8D11-00A0C91BC942}") = "angiosubstraction", "src\extensions\playground\angiosubstraction\angiosubstraction.vcxproj", "{9BF604F6-22AB-31A5-BE4E-30F17CB9EDAE}"
EndProject
Project("{8BC9CEB8-8B4A-11D0-8D11-00A0C91BC942}") = "perfusionmapreconstruction", "src\extensions\playground\perfusionmapreconstruction\perfusionmapreconstruction.vcxproj", "{795AB205-C746-3AA6-80D1-D5EAD9E36949}"
EndProject
Project("{8BC9CEB8-8B4A-11D0-8D11-00A0C91BC942}") = "rectumsegmentation", "src\extensions\playground\rectumsegmentation\rectumsegmentation.vcxproj", "{0A7BF8A1-29EB-3B50-827E-4DB7AE28D736}"
EndProject
Project("{8BC9CEB8-8B4A-11D0-8D11-00A0C91BC942}") = "experimental3d", "src\extensions\playground\experimental3d\experimental3d.vcxproj", "{EBC9DF0D-0F73-33E2-ABF9-A8FDE133A175}"
EndProject
Project("{8BC9CEB8-8B4A-11D0-8D11-00A0C91BC942}") = "starviewer", "src\main\starviewer.vcxproj", "{5630FFF9-E9F7-3EE7-8D08-EBD5E30C3109}"
	ProjectSection(ProjectDependencies) = postProject
		{9F2AAC3A-4A28-3B88-BFDB-72E5CF9B2ECC} = {9F2AAC3A-4A28-3B88-BFDB-72E5CF9B2ECC}
		{157B5239-E5DA-3947-9EBA-3BE33D131D55} = {157B5239-E5DA-3947-9EBA-3BE33D131D55}
		{8D316D30-51EA-345F-87FB-2264C5303B0B} = {8D316D30-51EA-345F-87FB-2264C5303B0B}
		{E6F568FE-C4C1-3178-A32E-CA11D94EC684} = {E6F568FE-C4C1-3178-A32E-CA11D94EC684}
		{9BF604F6-22AB-31A5-BE4E-30F17CB9EDAE} = {9BF604F6-22AB-31A5-BE4E-30F17CB9EDAE}
		{795AB205-C746-3AA6-80D1-D5EAD9E36949} = {795AB205-C746-3AA6-80D1-D5EAD9E36949}
		{0A7BF8A1-29EB-3B50-827E-4DB7AE28D736} = {0A7BF8A1-29EB-3B50-827E-4DB7AE28D736}
		{EBC9DF0D-0F73-33E2-ABF9-A8FDE133A175} = {EBC9DF0D-0F73-33E2-ABF9-A8FDE133A175}
		{AC025BE7-B10D-37B6-9141-FD63EF707863} = {AC025BE7-B10D-37B6-9141-FD63EF707863}
		{EBAA2BF2-F82D-33D9-A4EF-21A0AB539DF3} = {EBAA2BF2-F82D-33D9-A4EF-21A0AB539DF3}
		{E5B49F3F-C61B-31A0-BF8B-9A3F4974017D} = {E5B49F3F-C61B-31A0-BF8B-9A3F4974017D}
		{86FA56C7-608C-3F40-8D08-E54D7E0139AD} = {86FA56C7-608C-3F40-8D08-E54D7E0139AD}
		{1BAF9CFF-E91D-3BB3-8163-199A2EE6C553} = {1BAF9CFF-E91D-3BB3-8163-199A2EE6C553}
		{C16A17CC-9739-3C8C-BFC0-5D593B33939B} = {C16A17CC-9739-3C8C-BFC0-5D593B33939B}
		{A15DB62E-7608-3E01-8880-152D02F11E8E} = {A15DB62E-7608-3E01-8880-152D02F11E8E}
	EndProjectSection
EndProject
Project("{8BC9CEB8-8B4A-11D0-8D11-00A0C91BC942}") = "starviewer_sapwrapper", "src\starviewersapwrapper\starviewer_sapwrapper.vcxproj", "{BBA60145-3CF8-3B9D-9031-63AF781DAE17}"
EndProject
Project("{8BC9CEB8-8B4A-11D0-8D11-00A0C91BC942}") = "starviewer_crashreporter", "src\crashreporter\starviewer_crashreporter.vcxproj", "{AF939363-3A19-35A9-AC65-2EBB09D49DB0}"
	ProjectSection(ProjectDependencies) = postProject
		{AC025BE7-B10D-37B6-9141-FD63EF707863} = {AC025BE7-B10D-37B6-9141-FD63EF707863}
		{EBAA2BF2-F82D-33D9-A4EF-21A0AB539DF3} = {EBAA2BF2-F82D-33D9-A4EF-21A0AB539DF3}
		{E5B49F3F-C61B-31A0-BF8B-9A3F4974017D} = {E5B49F3F-C61B-31A0-BF8B-9A3F4974017D}
		{86FA56C7-608C-3F40-8D08-E54D7E0139AD} = {86FA56C7-608C-3F40-8D08-E54D7E0139AD}
		{C16A17CC-9739-3C8C-BFC0-5D593B33939B} = {C16A17CC-9739-3C8C-BFC0-5D593B33939B}
	EndProjectSection
EndProject
Project("{8BC9CEB8-8B4A-11D0-8D11-00A0C91BC942}") = "autotests", "tests\auto\autotests.vcxproj", "{A6911C08-6A05-359B-A8B8-E1DCA0AD7694}"
	ProjectSection(ProjectDependencies) = postProject
		{8D316D30-51EA-345F-87FB-2264C5303B0B} = {8D316D30-51EA-345F-87FB-2264C5303B0B}
		{E6F568FE-C4C1-3178-A32E-CA11D94EC684} = {E6F568FE-C4C1-3178-A32E-CA11D94EC684}
		{9BF604F6-22AB-31A5-BE4E-30F17CB9EDAE} = {9BF604F6-22AB-31A5-BE4E-30F17CB9EDAE}
		{795AB205-C746-3AA6-80D1-D5EAD9E36949} = {795AB205-C746-3AA6-80D1-D5EAD9E36949}
		{0A7BF8A1-29EB-3B50-827E-4DB7AE28D736} = {0A7BF8A1-29EB-3B50-827E-4DB7AE28D736}
		{EBC9DF0D-0F73-33E2-ABF9-A8FDE133A175} = {EBC9DF0D-0F73-33E2-ABF9-A8FDE133A175}
		{AC025BE7-B10D-37B6-9141-FD63EF707863} = {AC025BE7-B10D-37B6-9141-FD63EF707863}
		{EBAA2BF2-F82D-33D9-A4EF-21A0AB539DF3} = {EBAA2BF2-F82D-33D9-A4EF-21A0AB539DF3}
		{E5B49F3F-C61B-31A0-BF8B-9A3F4974017D} = {E5B49F3F-C61B-31A0-BF8B-9A3F4974017D}
		{86FA56C7-608C-3F40-8D08-E54D7E0139AD} = {86FA56C7-608C-3F40-8D08-E54D7E0139AD}
		{9F2AAC3A-4A28-3B88-BFDB-72E5CF9B2ECC} = {9F2AAC3A-4A28-3B88-BFDB-72E5CF9B2ECC}
		{1BAF9CFF-E91D-3BB3-8163-199A2EE6C553} = {1BAF9CFF-E91D-3BB3-8163-199A2EE6C553}
		{C16A17CC-9739-3C8C-BFC0-5D593B33939B} = {C16A17CC-9739-3C8C-BFC0-5D593B33939B}
	EndProjectSection
EndProject
Global
	GlobalSection(SolutionConfigurationPlatforms) = preSolution
		Debug|x64 = Debug|x64
		Release|x64 = Release|x64
	EndGlobalSection
	GlobalSection(ProjectConfigurationPlatforms) = postSolution
		{A15DB62E-7608-3E01-8880-152D02F11E8E}.Debug|x64.ActiveCfg = Debug|x64
		{A15DB62E-7608-3E01-8880-152D02F11E8E}.Debug|x64.Build.0 = Debug|x64
		{A15DB62E-7608-3E01-8880-152D02F11E8E}.Release|x64.ActiveCfg = Release|x64
		{A15DB62E-7608-3E01-8880-152D02F11E8E}.Release|x64.Build.0 = Release|x64
		{157B5239-E5DA-3947-9EBA-3BE33D131D55}.Debug|x64.ActiveCfg = Debug|x64
		{157B5239-E5DA-3947-9EBA-3BE33D131D55}.Debug|x64.Build.0 = Debug|x64
		{157B5239-E5DA-3947-9EBA-3BE33D131D55}.Release|x64.ActiveCfg = Release|x64
		{157B5239-E5DA-3947-9EBA-3BE33D131D55}.Release|x64.Build.0 = Release|x64
		{C16A17CC-9739-3C8C-BFC0-5D593B33939B}.Debug|x64.ActiveCfg = Debug|x64
		{C16A17CC-9739-3C8C-BFC0-5D593B33939B}.Debug|x64.Build.0 = Debug|x64
		{C16A17CC-9739-3C8C-BFC0-5D593B33939B}.Release|x64.ActiveCfg = Release|x64
		{C16A17CC-9739-3C8C-BFC0-5D593B33939B}.Release|x64.Build.0 = Release|x64
		{1BAF9CFF-E91D-3BB3-8163-199A2EE6C553}.Debug|x64.ActiveCfg = Debug|x64
		{1BAF9CFF-E91D-3BB3-8163-199A2EE6C553}.Debug|x64.Build.0 = Debug|x64
		{1BAF9CFF-E91D-3BB3-8163-199A2EE6C553}.Release|x64.ActiveCfg = Release|x64
		{1BAF9CFF-E91D-3BB3-8163-199A2EE6C553}.Release|x64.Build.0 = Release|x64
		{9F2AAC3A-4A28-3B88-BFDB-72E5CF9B2ECC}.Debug|x64.ActiveCfg = Debug|x64
		{9F2AAC3A-4A28-3B88-BFDB-72E5CF9B2ECC}.Debug|x64.Build.0 = Debug|x64
		{9F2AAC3A-4A28-3B88-BFDB-72E5CF9B2ECC}.Release|x64.ActiveCfg = Release|x64
		{9F2AAC3A-4A28-3B88-BFDB-72E5CF9B2ECC}.Release|x64.Build.0 = Release|x64
		{AC025BE7-B10D-37B6-9141-FD63EF707863}.Debug|x64.ActiveCfg = Debug|x64
		{AC025BE7-B10D-37B6-9141-FD63EF707863}.Debug|x64.Build.0 = Debug|x64
		{AC025BE7-B10D-37B6-9141-FD63EF707863}.Release|x64.ActiveCfg = Release|x64
		{AC025BE7-B10D-37B6-9141-FD63EF707863}.Release|x64.Build.0 = Release|x64
		{EBAA2BF2-F82D-33D9-A4EF-21A0AB539DF3}.Debug|x64.ActiveCfg = Debug|x64
		{EBAA2BF2-F82D-33D9-A4EF-21A0AB539DF3}.Debug|x64.Build.0 = Debug|x64
		{EBAA2BF2-F82D-33D9-A4EF-21A0AB539DF3}.Release|x64.ActiveCfg = Release|x64
		{EBAA2BF2-F82D-33D9-A4EF-21A0AB539DF3}.Release|x64.Build.0 = Release|x64
		{E5B49F3F-C61B-31A0-BF8B-9A3F4974017D}.Debug|x64.ActiveCfg = Debug|x64
		{E5B49F3F-C61B-31A0-BF8B-9A3F4974017D}.Debug|x64.Build.0 = Debug|x64
		{E5B49F3F-C61B-31A0-BF8B-9A3F4974017D}.Release|x64.ActiveCfg = Release|x64
		{E5B49F3F-C61B-31A0-BF8B-9A3F4974017D}.Release|x64.Build.0 = Release|x64
		{86FA56C7-608C-3F40-8D08-E54D7E0139AD}.Debug|x64.ActiveCfg = Debug|x64
		{86FA56C7-608C-3F40-8D08-E54D7E0139AD}.Debug|x64.Build.0 = Debug|x64
		{86FA56C7-608C-3F40-8D08-E54D7E0139AD}.Release|x64.ActiveCfg = Release|x64
		{86FA56C7-608C-3F40-8D08-E54D7E0139AD}.Release|x64.Build.0 = Release|x64
		{8D316D30-51EA-345F-87FB-2264C5303B0B}.Debug|x64.ActiveCfg = Debug|x64
		{8D316D30-51EA-345F-87FB-2264C5303B0B}.Debug|x64.Build.0 = Debug|x64
		{8D316D30-51EA-345F-87FB-2264C5303B0B}.Release|x64.ActiveCfg = Release|x64
		{8D316D30-51EA-345F-87FB-2264C5303B0B}.Release|x64.Build.0 = Release|x64
		{E6F568FE-C4C1-3178-A32E-CA11D94EC684}.Debug|x64.ActiveCfg = Debug|x64
		{E6F568FE-C4C1-3178-A32E-CA11D94EC684}.Debug|x64.Build.0 = Debug|x64
		{E6F568FE-C4C1-3178-A32E-CA11D94EC684}.Release|x64.ActiveCfg = Release|x64
		{E6F568FE-C4C1-3178-A32E-CA11D94EC684}.Release|x64.Build.0 = Release|x64
		{9BF604F6-22AB-31A5-BE4E-30F17CB9EDAE}.Debug|x64.ActiveCfg = Debug|x64
		{9BF604F6-22AB-31A5-BE4E-30F17CB9EDAE}.Debug|x64.Build.0 = Debug|x64
		{9BF604F6-22AB-31A5-BE4E-30F17CB9EDAE}.Release|x64.ActiveCfg = Release|x64
		{9BF604F6-22AB-31A5-BE4E-30F17CB9EDAE}.Release|x64.Build.0 = Release|x64
		{795AB205-C746-3AA6-80D1-D5EAD9E36949}.Debug|x64.ActiveCfg = Debug|x64
		{795AB205-C746-3AA6-80D1-D5EAD9E36949}.Debug|x64.Build.0 = Debug|x64
		{795AB205-C746-3AA6-80D1-D5EAD9E36949}.Release|x64.ActiveCfg = Release|x64
		{795AB205-C746-3AA6-80D1-D5EAD9E36949}.Release|x64.Build.0 = Release|x64
		{0A7BF8A1-29EB-3B50-827E-4DB7AE28D736}.Debug|x64.ActiveCfg = Debug|x64
		{0A7BF8A1-29EB-3B50-827E-4DB7AE28D736}.Debug|x64.Build.0 = Debug|x64
		{0A7BF8A1-29EB-3B50-827E-4DB7AE28D736}.Release|x64.ActiveCfg = Release|x64
		{0A7BF8A1-29EB-3B50-827E-4DB7AE28D736}.Release|x64.Build.0 = Release|x64
		{EBC9DF0D-0F73-33E2-ABF9-A8FDE133A175}.Debug|x64.ActiveCfg = Debug|x64
		{EBC9DF0D-0F73-33E2-ABF9-A8FDE133A175}.Debug|x64.Build.0 = Debug|x64
		{EBC9DF0D-0F73-33E2-ABF9-A8FDE133A175}.Release|x64.ActiveCfg = Release|x64
		{EBC9DF0D-0F73-33E2-ABF9-A8FDE133A175}.Release|x64.Build.0 = Release|x64
		{5630FFF9-E9F7-3EE7-8D08-EBD5E30C3109}.Debug|x64.ActiveCfg = Debug|x64
		{5630FFF9-E9F7-3EE7-8D08-EBD5E30C3109}.Debug|x64.Build.0 = Debug|x64
		{5630FFF9-E9F7-3EE7-8D08-EBD5E30C3109}.Release|x64.ActiveCfg = Release|x64
		{5630FFF9-E9F7-3EE7-8D08-EBD5E30C3109}.Release|x64.Build.0 = Release|x64
		{BBA60145-3CF8-3B9D-9031-63AF781DAE17}.Debug|x64.ActiveCfg = Debug|x64
		{BBA60145-3CF8-3B9D-9031-63AF781DAE17}.Debug|x64.Build.0 = Debug|x64
		{BBA60145-3CF8-3B9D-9031-63AF781DAE17}.Release|x64.ActiveCfg = Release|x64
		{BBA60145-3CF8-3B9D-9031-63AF781DAE17}.Release|x64.Build.0 = Release|x64
		{AF939363-3A19-35A9-AC65-2EBB09D49DB0}.Debug|x64.ActiveCfg = Debug|x64
		{AF939363-3A19-35A9-AC65-2EBB09D49DB0}.Debug|x64.Build.0 = Debug|x64
		{AF939363-3A19-35A9-AC65-2EBB09D49DB0}.Release|x64.ActiveCfg = Release|x64
		{AF939363-3A19-35A9-AC65-2EBB09D49DB0}.Release|x64.Build.0 = Release|x64
		{A6911C08-6A05-359B-A8B8-E1DCA0AD7694}.Debug|x64.ActiveCfg = Debug|x64
		{A6911C08-6A05-359B-A8B8-E1DCA0AD7694}.Debug|x64.Build.0 = Debug|x64
		{A6911C08-6A05-359B-A8B8-E1DCA0AD7694}.Release|x64.ActiveCfg = Release|x64
		{A6911C08-6A05-359B-A8B8-E1DCA0AD7694}.Release|x64.Build.0 = Release|x64
	EndGlobalSection
	GlobalSection(SolutionProperties) = preSolution
		HideSolutionNode = FALSE
	EndGlobalSection
EndGlobal
